{
  "version": 4,
  "terraform_version": "1.3.9",
  "serial": 24,
  "lineage": "98e9f81a-6472-5f58-d96c-554010909196",
  "outputs": {},
  "resources": [
    {
      "mode": "managed",
      "type": "aws_amplify_app",
      "name": "personal-site",
      "provider": "provider[\"registry.terraform.io/hashicorp/aws\"]",
      "instances": [
        {
          "schema_version": 0,
          "attributes": {
            "access_token": "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",
            "arn": "arn:aws:amplify:us-west-2:743000284694:apps/d3o9auc0bll6rk",
            "auto_branch_creation_config": [],
            "auto_branch_creation_patterns": [],
            "basic_auth_credentials": "",
            "build_spec": "version: 0.1\nfrontend:\n  phases:\n    preBuild:\n      commands:\n        - yarn install\n    build:\n      commands:\n        - yarn export\n  artifacts:\n    baseDirectory: out\n    files:\n      - '**/*'\n  cache:\n    paths:\n      - node_modules/**/*\n",
            "custom_rule": [
              {
                "condition": "404",
                "source": "\u003c/^[^.]+$/\u003e",
                "status": "200",
                "target": "/index.html"
              },
              {
                "condition": "",
                "source": "/_next/static/\u003c*\u003e",
                "status": "200",
                "target": "/_next/static/\u003c*\u003e"
              }
            ],
            "default_domain": "d3o9auc0bll6rk.amplifyapp.com",
            "description": "",
            "enable_auto_branch_creation": false,
            "enable_basic_auth": false,
            "enable_branch_auto_build": false,
            "enable_branch_auto_deletion": false,
            "environment_variables": {
              "ENV": "dev"
            },
            "iam_service_role_arn": "",
            "id": "d3o9auc0bll6rk",
            "name": "personal site",
            "oauth_token": null,
            "platform": "WEB",
            "production_branch": [
              {
                "branch_name": "main",
                "last_deploy_time": "",
                "status": "RUNNING",
                "thumbnail_url": "https://aws-amplify-prod-us-west-2-artifacts.s3.us-west-2.amazonaws.com/d3o9auc0bll6rk/main/SCREENSHOTS/thumbnail.png?X-Amz-Security-Token=IQoJb3JpZ2luX2VjEDgaCXVzLXdlc3QtMiJHMEUCIA8mdVWODK%2BM%2BTBqRDGT7PrjgUeo2lfuhoTUyzr2f4wAAiEAqVYv1JtK01BiSaHTzWktiFyPUlnJqJ13DuTAyS7lvMMqvwMIEBAEGgwzOTUzMzMwOTUzMDciDHwxrfLIjCWRzgXsRiqcA6LWAB6rKFRJWIf%2FAJ%2FOjzGL3Rjc7sSfu0xdOfLkifhpaHqQFGAPZ4RsPX5zDB%2Fm3Jb2hgvQNDdVa%2Bu5VdOTL%2FIMwoqL5qS33tUfIxNQvyYvYcjUm91PyHc61XqlC%2F68CKKewS9o6A%2BXIqN5WkHyeSsKx1TaMjesa9svPOeg89mC25T2XbRPDOtpaJI3pdGAs5gSgQqCBAB2f3nZrXBRBu4BkiUvRnCfY8X6jq40x4fdL373k4KdVAUzRoo0IjfAygU9iuxEcAIFLFTDx1nLWoqvGG9SoLL4ALaxGexwN91V7CdnC8FHlp%2FNyxZdaKxd9Oh8smKZMXRS4DRSai84ChqLSSwjpevfaiktuQyrLcYBMWTlkLvV0uDI8uaDQvq79It1pQTc3yxB1lh%2BVW7Dzp8CMXcKLaLLkqrXcwnstN%2F%2FsMBaFy8DncV%2FoKmSUBptp78P3BU%2F5SI2Z8hWpnhNsBuYniJFvsT6bv1lhKYZcAIlWgqAe5bNntCikMd5F5it%2F57hmzanXgIj3n9xRqqQUALJy2NMolFBrY39lJcw1uT%2FoAY6ngFRM6DqHczdfj7%2BTau9sy6VQQtHmj5moGMy2LSz76BrybeRMhs2d3llgrGd0Er6zqjofG60677rlRMa6JHMx3BAKoFM8Ox7nU7%2FBVTzgHpifis0DypHnKoLDXBguNXl7EsHX1PQxL3wZuzd1UIt7p5jM0HEJUFaakCCrhqqGwfZcheK1AAnpZxrJdJigl56dOFXVfy%2B14gN%2Fb%2FmC%2BSk3A%3D%3D\u0026X-Amz-Algorithm=AWS4-HMAC-SHA256\u0026X-Amz-Date=20230326T081848Z\u0026X-Amz-SignedHeaders=host\u0026X-Amz-Expires=3600\u0026X-Amz-Credential=ASIAVYC5QJ6F2S4NWHHL%2F20230326%2Fus-west-2%2Fs3%2Faws4_request\u0026X-Amz-Signature=d1b692478682bf530ad2f76d82f099625a8041a2e3b5ef583e3561e28bf9c006"
              }
            ],
            "repository": "https://github.com/KaihWhite/personal-site",
            "tags": {},
            "tags_all": {}
          },
          "sensitive_attributes": [],
          "private": "bnVsbA=="
        }
      ]
    },
    {
      "mode": "managed",
      "type": "aws_amplify_branch",
      "name": "development",
      "provider": "provider[\"registry.terraform.io/hashicorp/aws\"]",
      "instances": [
        {
          "schema_version": 0,
          "attributes": {
            "app_id": "d3o9auc0bll6rk",
            "arn": "arn:aws:amplify:us-west-2:743000284694:apps/d3o9auc0bll6rk/branches/develop",
            "associated_resources": [],
            "backend_environment_arn": "",
            "basic_auth_credentials": "",
            "branch_name": "develop",
            "custom_domains": [],
            "description": "",
            "destination_branch": "",
            "display_name": "develop",
            "enable_auto_build": true,
            "enable_basic_auth": false,
            "enable_notification": false,
            "enable_performance_mode": false,
            "enable_pull_request_preview": false,
            "environment_variables": {},
            "framework": "React",
            "id": "d3o9auc0bll6rk/develop",
            "pull_request_environment_name": "",
            "source_branch": "",
            "stage": "DEVELOPMENT",
            "tags": {},
            "tags_all": {},
            "ttl": "5"
          },
          "sensitive_attributes": [],
          "private": "bnVsbA==",
          "dependencies": [
            "aws_amplify_app.personal-site"
          ]
        }
      ]
    },
    {
      "mode": "managed",
      "type": "aws_amplify_branch",
      "name": "master",
      "provider": "provider[\"registry.terraform.io/hashicorp/aws\"]",
      "instances": [
        {
          "schema_version": 0,
          "attributes": {
            "app_id": "d3o9auc0bll6rk",
            "arn": "arn:aws:amplify:us-west-2:743000284694:apps/d3o9auc0bll6rk/branches/master",
            "associated_resources": [],
            "backend_environment_arn": "",
            "basic_auth_credentials": "",
            "branch_name": "master",
            "custom_domains": [],
            "description": "",
            "destination_branch": "",
            "display_name": "master",
            "enable_auto_build": true,
            "enable_basic_auth": false,
            "enable_notification": false,
            "enable_performance_mode": false,
            "enable_pull_request_preview": false,
            "environment_variables": {},
            "framework": "React",
            "id": "d3o9auc0bll6rk/master",
            "pull_request_environment_name": "",
            "source_branch": "",
            "stage": "PRODUCTION",
            "tags": {},
            "tags_all": {},
            "ttl": "5"
          },
          "sensitive_attributes": [],
          "private": "bnVsbA==",
          "dependencies": [
            "aws_amplify_app.personal-site"
          ]
        }
      ]
    }
  ],
  "check_results": null
}
