{
  "version": 4,
  "terraform_version": "1.3.9",
  "serial": 14,
  "lineage": "98e9f81a-6472-5f58-d96c-554010909196",
  "outputs": {},
  "resources": [
    {
      "mode": "managed",
      "type": "aws_amplify_app",
      "name": "personal-site",
      "provider": "provider[\"registry.terraform.io/hashicorp/aws\"]",
      "instances": [
        {
          "schema_version": 0,
          "attributes": {
            "access_token": "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",
            "arn": "arn:aws:amplify:us-west-2:743000284694:apps/d3o9auc0bll6rk",
            "auto_branch_creation_config": [],
            "auto_branch_creation_patterns": [],
            "basic_auth_credentials": "",
            "build_spec": "version: 0.1\nfrontend:\n  phases:\n    preBuild:\n      commands:\n        - yarn install\n    build:\n      commands:\n        - yarn build\n  artifacts:\n    baseDirectory: .next\n    files:\n      - '**/*'\n  cache:\n    paths:\n      - node_modules/**/*\n      - .next/cache/**/*\n",
            "custom_rule": [
              {
                "condition": "404",
                "source": "\u003c/^[^.]+$|\\.(?!(css|gif|ico|jpg|js|png|txt|svg|woff|ttf|map|json)$)([^.]+$)/\u003e",
                "status": "200",
                "target": "/index.html"
              }
            ],
            "default_domain": "d3o9auc0bll6rk.amplifyapp.com",
            "description": "",
            "enable_auto_branch_creation": false,
            "enable_basic_auth": false,
            "enable_branch_auto_build": false,
            "enable_branch_auto_deletion": false,
            "environment_variables": {
              "ENV": "dev"
            },
            "iam_service_role_arn": "",
            "id": "d3o9auc0bll6rk",
            "name": "personal site",
            "oauth_token": null,
            "platform": "WEB",
            "production_branch": [
              {
                "branch_name": "main",
                "last_deploy_time": "2023-03-26T06:59:34Z",
                "status": "SUCCEED",
                "thumbnail_url": "https://aws-amplify-prod-us-west-2-artifacts.s3.us-west-2.amazonaws.com/d3o9auc0bll6rk/main/SCREENSHOTS/thumbnail.png?X-Amz-Security-Token=IQoJb3JpZ2luX2VjEDcaCXVzLXdlc3QtMiJGMEQCICMLMrhx5JMvFcoz0MYyaNxWvqpLkO8MUMetIRJ18pzjAiAL13EQ5LJW%2B9%2Fc3Cwt62865rhX96QXR3XOGJVZQwXxSiq%2FAwgQEAQaDDM5NTMzMzA5NTMwNyIMcmTuf9fk%2BLC%2BnBeaKpwDCCqdCW9pkqCbhtWGsod3EEZmdg8ZNJ4f%2FO0FzMKrhz%2FVoo6ultPNQYBupneknH4IsDrEzsRp%2Falq6%2FyjV85pPh8L3Le7TBLOXSHUkt6bJ6XYrDNNFILPqsLUUB%2FVmLafT2oegcQ7wi0yxEops0EBEhQJrhdEJ7sn60GaLj0%2BBwR2%2BPOQLQNYO5f14bnjSkdMaOt5K0UOSwnFB5%2ByyksWoJFMVz5I1esY6vkupYbXV%2F5oU%2FBO7j0L2Vukjq1Icc%2FPwb1%2F0oW44RxGeUYKvKVMETTyLgvIKXyCfW2234tt05TC9jWwG2Fs3PQWyHuQnNQhrpt0TsiitPHKoQwY%2BiRq7BfL96jwq37g07l0xzPOXSHarRgof0i%2BWiARTMIzU0ZOOpyEJvfBIDl7lOmx4P3C04xP8Kv5ZlB71dC2oPnmPxXSwN1jkVHnXOysexiU9g5xf0yJFRgpXAL7%2FcDvPhakVtBx3fqbk5ES4ZiuISvgAtP%2BlJeK6uJbWbxNTAgqgzWjH1v1aA3zls2VZ0yfYfPdQ572ysXm3VLdqjncozCoz%2F%2BgBjqfAb0stQEiLnmnkicBDJDnq6Tx9P2WGmxgJcW1VsDoUjV%2FwHVYj8ymhmvr4TgfbnTafXTNeCENTJFV7h3RVmgTHE837BkxXtQ%2BnntE%2BtmcCnkJ233C%2Bu7dliiZaM%2FGOB9mQAFafcqh0E1Ayxr%2B3a6PzA8pZCMLV5PGdGpVMHcrjVurc%2BXCZ8snP0fSoWdon7I%2BnR%2FZ4jK7CWzFpR%2BDzbK2GA%3D%3D\u0026X-Amz-Algorithm=AWS4-HMAC-SHA256\u0026X-Amz-Date=20230326T070512Z\u0026X-Amz-SignedHeaders=host\u0026X-Amz-Expires=3599\u0026X-Amz-Credential=ASIAVYC5QJ6FQFSTFZFC%2F20230326%2Fus-west-2%2Fs3%2Faws4_request\u0026X-Amz-Signature=6a574e64155b88c033214b75d0fd131a8853dde2d761dde260890dd1e383f89d"
              }
            ],
            "repository": "https://github.com/KaihWhite/personal-site",
            "tags": {},
            "tags_all": {}
          },
          "sensitive_attributes": [],
          "private": "bnVsbA=="
        }
      ]
    },
    {
      "mode": "managed",
      "type": "aws_amplify_branch",
      "name": "development",
      "provider": "provider[\"registry.terraform.io/hashicorp/aws\"]",
      "instances": [
        {
          "schema_version": 0,
          "attributes": {
            "app_id": "d3o9auc0bll6rk",
            "arn": "arn:aws:amplify:us-west-2:743000284694:apps/d3o9auc0bll6rk/branches/develop",
            "associated_resources": [],
            "backend_environment_arn": "",
            "basic_auth_credentials": "",
            "branch_name": "develop",
            "custom_domains": [],
            "description": "",
            "destination_branch": "",
            "display_name": "develop",
            "enable_auto_build": true,
            "enable_basic_auth": false,
            "enable_notification": false,
            "enable_performance_mode": false,
            "enable_pull_request_preview": false,
            "environment_variables": {},
            "framework": "React",
            "id": "d3o9auc0bll6rk/develop",
            "pull_request_environment_name": "",
            "source_branch": "",
            "stage": "DEVELOPMENT",
            "tags": {},
            "tags_all": {},
            "ttl": "5"
          },
          "sensitive_attributes": [],
          "private": "bnVsbA==",
          "dependencies": [
            "aws_amplify_app.personal-site"
          ]
        }
      ]
    },
    {
      "mode": "managed",
      "type": "aws_amplify_branch",
      "name": "master",
      "provider": "provider[\"registry.terraform.io/hashicorp/aws\"]",
      "instances": [
        {
          "schema_version": 0,
          "attributes": {
            "app_id": "d3o9auc0bll6rk",
            "arn": "arn:aws:amplify:us-west-2:743000284694:apps/d3o9auc0bll6rk/branches/master",
            "associated_resources": [],
            "backend_environment_arn": "",
            "basic_auth_credentials": "",
            "branch_name": "master",
            "custom_domains": [],
            "description": "",
            "destination_branch": "",
            "display_name": "master",
            "enable_auto_build": true,
            "enable_basic_auth": false,
            "enable_notification": false,
            "enable_performance_mode": false,
            "enable_pull_request_preview": false,
            "environment_variables": {},
            "framework": "React",
            "id": "d3o9auc0bll6rk/master",
            "pull_request_environment_name": "",
            "source_branch": "",
            "stage": "PRODUCTION",
            "tags": {},
            "tags_all": {},
            "ttl": "5"
          },
          "sensitive_attributes": [],
          "private": "bnVsbA==",
          "dependencies": [
            "aws_amplify_app.personal-site"
          ]
        }
      ]
    }
  ],
  "check_results": null
}
