{
  "version": 4,
  "terraform_version": "1.3.9",
  "serial": 16,
  "lineage": "98e9f81a-6472-5f58-d96c-554010909196",
  "outputs": {},
  "resources": [
    {
      "mode": "managed",
      "type": "aws_amplify_app",
      "name": "personal-site",
      "provider": "provider[\"registry.terraform.io/hashicorp/aws\"]",
      "instances": [
        {
          "schema_version": 0,
          "attributes": {
            "access_token": "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",
            "arn": "arn:aws:amplify:us-west-2:743000284694:apps/d3o9auc0bll6rk",
            "auto_branch_creation_config": [],
            "auto_branch_creation_patterns": [],
            "basic_auth_credentials": "",
            "build_spec": "version: 0.1\nfrontend:\n  phases:\n    preBuild:\n      commands:\n        - npm install\n    build:\n      commands:\n        - npm run build\n  artifacts:\n    baseDirectory: .next\n    files:\n      - '**/*'\n  cache:\n    paths:\n      - node_modules/**/*\n      - .next/cache/**/*\n",
            "custom_rule": [
              {
                "condition": "404",
                "source": "\u003c/^[^.]+$|\\.(?!(css|gif|ico|jpg|js|png|txt|svg|woff|ttf|map|json)$)([^.]+$)/\u003e",
                "status": "200",
                "target": "/index.html"
              },
              {
                "condition": "",
                "source": "/_next/static/\u003c*\u003e",
                "status": "200",
                "target": "/_next/static/\u003c*\u003e"
              }
            ],
            "default_domain": "d3o9auc0bll6rk.amplifyapp.com",
            "description": "",
            "enable_auto_branch_creation": false,
            "enable_basic_auth": false,
            "enable_branch_auto_build": false,
            "enable_branch_auto_deletion": false,
            "environment_variables": {
              "ENV": "dev"
            },
            "iam_service_role_arn": "",
            "id": "d3o9auc0bll6rk",
            "name": "personal site",
            "oauth_token": null,
            "platform": "WEB",
            "production_branch": [
              {
                "branch_name": "main",
                "last_deploy_time": "2023-03-26T07:07:41Z",
                "status": "SUCCEED",
                "thumbnail_url": "https://aws-amplify-prod-us-west-2-artifacts.s3.us-west-2.amazonaws.com/d3o9auc0bll6rk/main/SCREENSHOTS/thumbnail.png?X-Amz-Security-Token=IQoJb3JpZ2luX2VjEDYaCXVzLXdlc3QtMiJGMEQCICSffbAE8B%2BfLwF3YmN%2BfWRLMI4PxLzWBTjMo1iBwY3mAiAyeH3rvuqZwlrLMDX2RRqGh4lKkPnM9zw7xZX603Ix%2FirIAwj%2F%2F%2F%2F%2F%2F%2F%2F%2F%2F%2F8BEAQaDDM5NTMzMzA5NTMwNyIMWD2VuEh8p%2B8Grr85KpwDo5IED9zFEUqO2EUyxlw4Jp8xe2NKduEnOj10bWvGXjkmtfJAiql94Z0ZEBWsJPGsAFL9i6SmGfgTRpkXRqGsmsmi6S85a957Kt%2FRe208h6R4XZpTym9AcA7rPLXO8tTd9PcaF0Wq4iIFufuXyWLr%2BSWlWw%2Fax7ZCwd5v7PHyvsNEmv6JOrVx%2BEg7DvL3vGyXN1Oc%2BFxdm6OVa%2FJkpRSrLxn%2FIvw9tMD%2FBWiWINTgMAPw8qdMeQRvexRoCYbB1mzfZ1VjNX11RwWlTHk1Q7S1UaFl4uBFv%2BQUb8ASnVzpX3FY1Z1NVqrGmwfmlu9zCDrSz0bdzODf4rD43oQFg0NPAWG4d%2FgU5cPt%2BtcFoNE%2BvK6ol1jZ25RS70C3h8V0lPaxxcraVJhF%2FbXyTzIZf04YZ245BA0B4wRGkbpfOB35C%2FWi%2FojgnLUKXPWBVGO2n7KnkHNBSUzw1NFfegN4KDv2fhpQMHaj6dLZoJaziJLdNG%2FDvalQ3L%2BDNsoPDHyC%2F0di2nUfEGNjWhJcRtp%2FzCaE%2BHPECbkqgsG999Y8BTCNu%2F%2BgBjqfAUmzoiG0tBd3gts9nsP31CiOKTbdqrQYb27xqXoC2%2BB55L0XKQeDFOKrwSVkBNWvLY1IUpKqidZmlFq9VnH20qnr1gim8yU4fsiIBp13dJ66sTbebsKpZ341pvi3ime9I09X%2FdttV60y%2FytSmhEAoZvLWlOpOZcVTMhYc48lFuqoSfVIw49wgvanT8pxQDB9WNxoU4%2BMHNaUpV2Frzg47A%3D%3D\u0026X-Amz-Algorithm=AWS4-HMAC-SHA256\u0026X-Amz-Date=20230326T071817Z\u0026X-Amz-SignedHeaders=host\u0026X-Amz-Expires=3599\u0026X-Amz-Credential=ASIAVYC5QJ6F5TRJUIGI%2F20230326%2Fus-west-2%2Fs3%2Faws4_request\u0026X-Amz-Signature=4241e56fcff3b390a14a98609bab9dc4f17f6aa0e2ae8d90c32c9764cb8d3fac"
              }
            ],
            "repository": "https://github.com/KaihWhite/personal-site",
            "tags": {},
            "tags_all": {}
          },
          "sensitive_attributes": [],
          "private": "bnVsbA=="
        }
      ]
    },
    {
      "mode": "managed",
      "type": "aws_amplify_branch",
      "name": "development",
      "provider": "provider[\"registry.terraform.io/hashicorp/aws\"]",
      "instances": [
        {
          "schema_version": 0,
          "attributes": {
            "app_id": "d3o9auc0bll6rk",
            "arn": "arn:aws:amplify:us-west-2:743000284694:apps/d3o9auc0bll6rk/branches/develop",
            "associated_resources": [],
            "backend_environment_arn": "",
            "basic_auth_credentials": "",
            "branch_name": "develop",
            "custom_domains": [],
            "description": "",
            "destination_branch": "",
            "display_name": "develop",
            "enable_auto_build": true,
            "enable_basic_auth": false,
            "enable_notification": false,
            "enable_performance_mode": false,
            "enable_pull_request_preview": false,
            "environment_variables": {},
            "framework": "React",
            "id": "d3o9auc0bll6rk/develop",
            "pull_request_environment_name": "",
            "source_branch": "",
            "stage": "DEVELOPMENT",
            "tags": {},
            "tags_all": {},
            "ttl": "5"
          },
          "sensitive_attributes": [],
          "private": "bnVsbA==",
          "dependencies": [
            "aws_amplify_app.personal-site"
          ]
        }
      ]
    },
    {
      "mode": "managed",
      "type": "aws_amplify_branch",
      "name": "master",
      "provider": "provider[\"registry.terraform.io/hashicorp/aws\"]",
      "instances": [
        {
          "schema_version": 0,
          "attributes": {
            "app_id": "d3o9auc0bll6rk",
            "arn": "arn:aws:amplify:us-west-2:743000284694:apps/d3o9auc0bll6rk/branches/master",
            "associated_resources": [],
            "backend_environment_arn": "",
            "basic_auth_credentials": "",
            "branch_name": "master",
            "custom_domains": [],
            "description": "",
            "destination_branch": "",
            "display_name": "master",
            "enable_auto_build": true,
            "enable_basic_auth": false,
            "enable_notification": false,
            "enable_performance_mode": false,
            "enable_pull_request_preview": false,
            "environment_variables": {},
            "framework": "React",
            "id": "d3o9auc0bll6rk/master",
            "pull_request_environment_name": "",
            "source_branch": "",
            "stage": "PRODUCTION",
            "tags": {},
            "tags_all": {},
            "ttl": "5"
          },
          "sensitive_attributes": [],
          "private": "bnVsbA==",
          "dependencies": [
            "aws_amplify_app.personal-site"
          ]
        }
      ]
    }
  ],
  "check_results": null
}
