{
  "version": 4,
  "terraform_version": "1.3.9",
  "serial": 12,
  "lineage": "98e9f81a-6472-5f58-d96c-554010909196",
  "outputs": {},
  "resources": [
    {
      "mode": "managed",
      "type": "aws_amplify_app",
      "name": "personal-site",
      "provider": "provider[\"registry.terraform.io/hashicorp/aws\"]",
      "instances": [
        {
          "schema_version": 0,
          "attributes": {
            "access_token": "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",
            "arn": "arn:aws:amplify:us-west-2:743000284694:apps/d3o9auc0bll6rk",
            "auto_branch_creation_config": [],
            "auto_branch_creation_patterns": [],
            "basic_auth_credentials": "",
            "build_spec": "version: 0.1\nfrontend:\n  phases:\n    preBuild:\n      commands:\n        - yarn install\n    build:\n      commands:\n        - yarn build\n  artifacts:\n    baseDirectory: .next\n    files:\n      - '**/*'\n  cache:\n    paths:\n      - node_modules/**/*\n      - .next/cache/**/*\n",
            "custom_rule": [
              {
                "condition": "",
                "source": "/\u003c*\u003e",
                "status": "404",
                "target": "/index.html"
              }
            ],
            "default_domain": "d3o9auc0bll6rk.amplifyapp.com",
            "description": "",
            "enable_auto_branch_creation": false,
            "enable_basic_auth": false,
            "enable_branch_auto_build": false,
            "enable_branch_auto_deletion": false,
            "environment_variables": {
              "ENV": "dev"
            },
            "iam_service_role_arn": "",
            "id": "d3o9auc0bll6rk",
            "name": "personal site",
            "oauth_token": null,
            "platform": "WEB",
            "production_branch": [
              {
                "branch_name": "main",
                "last_deploy_time": "",
                "status": "RUNNING",
                "thumbnail_url": "https://aws-amplify-prod-us-west-2-artifacts.s3.us-west-2.amazonaws.com/d3o9auc0bll6rk/main/SCREENSHOTS/thumbnail.png?X-Amz-Security-Token=IQoJb3JpZ2luX2VjEDYaCXVzLXdlc3QtMiJHMEUCIC8x%2F03bya%2BefANVbDMde3W%2BzQa6yF5A9nqvdI9qv1JuAiEA3wpwvUYKb0jwezgXIgR6Baez9EJD%2FgrzA%2F8DYx9YXT0qyAMI%2F%2F%2F%2F%2F%2F%2F%2F%2F%2F%2F%2FARAEGgwzOTUzMzMwOTUzMDciDIXVXqj57Cc3ykPf7yqcAzLuxB9oAYq9G5yccLnE8qhm5a2P1ideJ1x9mshfiwcH3LEtOpSVpncyPePN0LCLawtGXI8CP%2BtQzt%2FsQ0blgZtTv0%2Bo2Z7m515ug604J56EQe6RvQ0n%2FxBPOyjJfSu4XCwYzAeLRI%2FudYKpiREOJDr%2BTi%2B0ICljIliGVkb7v6SHxOl3R7XXshISyCiu7fuIlCwaFoT6jpbujpu0xusIii5IH6jq%2FZqHXw1pOPVp3kBeqF%2BugGDlJVhVaSL1M5ejGc86f7UTWXK2Cef9G3JPUzeD1IEAXJeWtpD8KDPGklh7UMUXAjT2VSOf6sDgKKOujMbbhSgT5hSVWDRB1EgS7ZJsGq2vR0SPPujs7DRi2AVbL3Frtlv%2Fe5HIebFO5mpsFDhmCAKCBOSkeRu15JokMjqG0B2O%2BHpnCGOpRDVeOu0pHBDrFHYlvGG34MN3LIrktaaponfrAzqQXBMRlAWnqhQztHGKHC%2F40MLuUv9VyZFsv4dPOzqGEgAnu%2FIcG%2FO3X4Hxygwupzt097qbqY%2F%2FOhCF%2BqN0Y1yw%2FPLj0TgwlLj%2FoAY6ngG5P98QXqubFpUVPKQSwmBdMr8ESobXmVT0DCLhrJBGnm6NqwEGJRMaEH5RKzE9VH9%2BhZe216LkhIkLCY5RTSaXSKbN9FU4kCg8jAGEbz3nqXEvFjiNS513jqvxCyBPfyenJ72KD4%2FbF6V4gJd28nYaYtcuxBv%2BwwtPi0poDvLLGos%2FRIa6UP4KasTQvu%2Bx%2BOOS1K5shmjJe1G9Qe54Cw%3D%3D\u0026X-Amz-Algorithm=AWS4-HMAC-SHA256\u0026X-Amz-Date=20230326T065624Z\u0026X-Amz-SignedHeaders=host\u0026X-Amz-Expires=3600\u0026X-Amz-Credential=ASIAVYC5QJ6F2DFFCRPR%2F20230326%2Fus-west-2%2Fs3%2Faws4_request\u0026X-Amz-Signature=50cddff7ead0242023e8dbcd47d147376ba276a28855d140c2b8f3368fd0af41"
              }
            ],
            "repository": "https://github.com/KaihWhite/personal-site",
            "tags": {},
            "tags_all": {}
          },
          "sensitive_attributes": [],
          "private": "bnVsbA=="
        }
      ]
    },
    {
      "mode": "managed",
      "type": "aws_amplify_branch",
      "name": "development",
      "provider": "provider[\"registry.terraform.io/hashicorp/aws\"]",
      "instances": [
        {
          "schema_version": 0,
          "attributes": {
            "app_id": "d3o9auc0bll6rk",
            "arn": "arn:aws:amplify:us-west-2:743000284694:apps/d3o9auc0bll6rk/branches/develop",
            "associated_resources": [],
            "backend_environment_arn": "",
            "basic_auth_credentials": "",
            "branch_name": "develop",
            "custom_domains": [],
            "description": "",
            "destination_branch": "",
            "display_name": "develop",
            "enable_auto_build": true,
            "enable_basic_auth": false,
            "enable_notification": false,
            "enable_performance_mode": false,
            "enable_pull_request_preview": false,
            "environment_variables": null,
            "framework": "React",
            "id": "d3o9auc0bll6rk/develop",
            "pull_request_environment_name": "",
            "source_branch": "",
            "stage": "DEVELOPMENT",
            "tags": null,
            "tags_all": {},
            "ttl": "5"
          },
          "sensitive_attributes": [],
          "private": "bnVsbA==",
          "dependencies": [
            "aws_amplify_app.personal-site"
          ]
        }
      ]
    },
    {
      "mode": "managed",
      "type": "aws_amplify_branch",
      "name": "master",
      "provider": "provider[\"registry.terraform.io/hashicorp/aws\"]",
      "instances": [
        {
          "schema_version": 0,
          "attributes": {
            "app_id": "d3o9auc0bll6rk",
            "arn": "arn:aws:amplify:us-west-2:743000284694:apps/d3o9auc0bll6rk/branches/master",
            "associated_resources": [],
            "backend_environment_arn": "",
            "basic_auth_credentials": "",
            "branch_name": "master",
            "custom_domains": [],
            "description": "",
            "destination_branch": "",
            "display_name": "master",
            "enable_auto_build": true,
            "enable_basic_auth": false,
            "enable_notification": false,
            "enable_performance_mode": false,
            "enable_pull_request_preview": false,
            "environment_variables": null,
            "framework": "React",
            "id": "d3o9auc0bll6rk/master",
            "pull_request_environment_name": "",
            "source_branch": "",
            "stage": "PRODUCTION",
            "tags": null,
            "tags_all": {},
            "ttl": "5"
          },
          "sensitive_attributes": [],
          "private": "bnVsbA==",
          "dependencies": [
            "aws_amplify_app.personal-site"
          ]
        }
      ]
    }
  ],
  "check_results": null
}
